
Microsoft Visual Studio Solution File, Format Version 12.00
# Visual Studio Version 17
VisualStudioVersion = 17.10.35122.118
MinimumVisualStudioVersion = 10.0.40219.1
Project("{FAE04EC0-301F-11D3-BF4B-00C04F79EFBC}") = "Calabonga.Wpf.AppDefinitions", "Calabonga.Wpf.AppDefinitions\Calabonga.Wpf.AppDefinitions.csproj", "{BFBAEC00-D8EF-4994-9B99-525FD377E36B}"
EndProject
Global
	GlobalSection(SolutionConfigurationPlatforms) = preSolution
		Debug|Any CPU = Debug|Any CPU
		Release|Any CPU = Release|Any CPU
	EndGlobalSection
	GlobalSection(ProjectConfigurationPlatforms) = postSolution
		{BFBAEC00-D8EF-4994-9B99-525FD377E36B}.Debug|Any CPU.ActiveCfg = Debug|Any CPU
		{BFBAEC00-D8EF-4994-9B99-525FD377E36B}.Debug|Any CPU.Build.0 = Debug|Any CPU
		{BFBAEC00-D8EF-4994-9B99-525FD377E36B}.Release|Any CPU.ActiveCfg = Release|Any CPU
		{BFBAEC00-D8EF-4994-9B99-525FD377E36B}.Release|Any CPU.Build.0 = Release|Any CPU
	EndGlobalSection
	GlobalSection(SolutionProperties) = preSolution
		HideSolutionNode = FALSE
	EndGlobalSection
	GlobalSection(ExtensibilityGlobals) = postSolution
		SolutionGuid = {7CF04D2F-B5BB-4CFF-BED6-DC9B0495743C}
	EndGlobalSection
EndGlobal
